
Microsoft Visual Studio Solution File, Format Version 12.00
# Visual Studio Version 16
VisualStudioVersion = 16.0.31911.196
MinimumVisualStudioVersion = 10.0.40219.1
Project("{FAE04EC0-301F-11D3-BF4B-00C04F79EFBC}") = "ElmahDemo", "ElmahDemo\ElmahDemo.csproj", "{4F2130C3-587E-4660-882E-60813DE6276F}"
EndProject
Global
	GlobalSection(SolutionConfigurationPlatforms) = preSolution
		Debug|Any CPU = Debug|Any CPU
		Release|Any CPU = Release|Any CPU
	EndGlobalSection
	GlobalSection(ProjectConfigurationPlatforms) = postSolution
		{4F2130C3-587E-4660-882E-60813DE6276F}.Debug|Any CPU.ActiveCfg = Debug|Any CPU
		{4F2130C3-587E-4660-882E-60813DE6276F}.Debug|Any CPU.Build.0 = Debug|Any CPU
		{4F2130C3-587E-4660-882E-60813DE6276F}.Release|Any CPU.ActiveCfg = Release|Any CPU
		{4F2130C3-587E-4660-882E-60813DE6276F}.Release|Any CPU.Build.0 = Release|Any CPU
	EndGlobalSection
	GlobalSection(SolutionProperties) = preSolution
		HideSolutionNode = FALSE
	EndGlobalSection
	GlobalSection(ExtensibilityGlobals) = postSolution
		SolutionGuid = {3211CC45-1B4A-4644-93CD-E3ED7C5DF784}
	EndGlobalSection
EndGlobal
